hash: 757d332ef1fa0b6d8bdc5dd70bd9614d47e4f33504b0995573b3ae64abfb00dd
updated: 2017-08-12T15:09:25.213643509+09:00
imports:
- name: github.com/denisenkom/go-mssqldb
  version: 84dc5e6cc4a674abe81be5bf7835f4ae3dced817
- name: github.com/go-sql-driver/mysql
  version: 3955978caca48c1658a4bb7a9c6a0f084e326af3
- name: github.com/go-xorm/builder
  version: c8871c857d2555fbfbd8524f895be5386d3d8836
- name: github.com/go-xorm/core
  version: e9b7412d750de4920b1c7b3ede5a98fd76d38308
- name: github.com/go-xorm/xorm
  version: 3c8314e91603f0bfa6a228c1a0fea8a9e298f6d9
- name: github.com/lib/pq
  version: e42267488fe361b9dc034be7a6bffef5b195bceb
  subpackages:
  - oid
- name: github.com/nullbio/inflect
  version: 0563860d9a8cd788af0f5243761d841239d23ab2
- name: github.com/pkg/errors
  version: ff09b135c25aae272398c51a07235b90a75aa4f0
- name: github.com/satori/go.uuid
  version: 5bf94b69c6b68ee1b541973bb8e1144db23a194b
- name: github.com/vattle/sqlboiler
  version: 82e14d2e1acb4e1b6ef2193858820f9bff6f187c
  subpackages:
  - bdb
  - bdb/drivers
  - boil
  - queries
  - queries/qm
  - randomize
  - strmangle
  - types
- name: github.com/volatiletech/inflect
  version: e7201282ae8da26cd97aed2e516f75c0bd91bb93
- name: github.com/volatiletech/sqlboiler
  version: 86c580f53724a794e2f807707653f480616d455d
  subpackages:
  - boil
  - queries
  - queries/qm
  - strmangle
- name: golang.org/x/crypto
  version: b176d7def5d71bdd214203491f89843ed217f420
  subpackages:
  - md4
- name: golang.org/x/net
  version: 1c05540f6879653db88113bc4a2b70aec4bd491f
  subpackages:
  - context
- name: gopkg.in/nullbio/null.v6
  version: 40264a2e6b7972d183906cf17663983c23231c82
  subpackages:
  - convert
testImports:
- name: github.com/fsnotify/fsnotify
  version: 4da3e2cfbabc9f751898f250b49f2439785783a1
- name: github.com/hashicorp/hcl
  version: 392dba7d905ed5d04a5794ba89f558b27e2ba1ca
  subpackages:
  - hcl/ast
  - hcl/parser
  - hcl/scanner
  - hcl/strconv
  - hcl/token
  - json/parser
  - json/scanner
  - json/token
- name: github.com/kat-co/vala
  version: 42e1d8b61f12b4fcadea0c062782e466924a3aaa
- name: github.com/magiconair/properties
  version: be5ece7dd465ab0765a9682137865547526d1dfb
- name: github.com/mitchellh/mapstructure
  version: d0303fe809921458f417bcf828397a65db30a7e4
- name: github.com/pelletier/go-toml
  version: 69d355db5304c0f7f809a2edc054553e7142f016
- name: github.com/spf13/afero
  version: 9be650865eab0c12963d8753212f4f9c66cdcf12
  subpackages:
  - mem
- name: github.com/spf13/cast
  version: acbeb36b902d72a7a4c18e8f3241075e7ab763e4
- name: github.com/spf13/jwalterweatherman
  version: 0efa5202c04663c757d84f90f5219c1250baf94f
- name: github.com/spf13/pflag
  version: e57e3eeb33f795204c1ca35f56c44f83227c6e66
- name: github.com/spf13/viper
  version: 25b30aa063fc18e48662b86996252eabdcf2f0c7
- name: golang.org/x/sys
  version: e42485b6e20ae7d2304ec72e535b103ed350cc02
  subpackages:
  - unix
- name: golang.org/x/text
  version: b19bf474d317b857955b12035d2c5acb57ce8b01
  subpackages:
  - transform
  - unicode/norm
- name: gopkg.in/yaml.v2
  version: 25c4ec802a7d637f88d584ab26798e94ad14c13b
